
Microsoft Visual Studio Solution File, Format Version 12.00
# Visual Studio Version 17
VisualStudioVersion = 17.4.33213.308
MinimumVisualStudioVersion = 10.0.40219.1
Project("{FAE04EC0-301F-11D3-BF4B-00C04F79EFBC}") = "StudentAPI", "StudentAPI\StudentAPI.csproj", "{3D438803-2B50-4A07-A9A6-300DD6F1B05D}"
EndProject
Global
	GlobalSection(SolutionConfigurationPlatforms) = preSolution
		Debug|Any CPU = Debug|Any CPU
		Release|Any CPU = Release|Any CPU
	EndGlobalSection
	GlobalSection(ProjectConfigurationPlatforms) = postSolution
		{3D438803-2B50-4A07-A9A6-300DD6F1B05D}.Debug|Any CPU.ActiveCfg = Debug|Any CPU
		{3D438803-2B50-4A07-A9A6-300DD6F1B05D}.Debug|Any CPU.Build.0 = Debug|Any CPU
		{3D438803-2B50-4A07-A9A6-300DD6F1B05D}.Release|Any CPU.ActiveCfg = Release|Any CPU
		{3D438803-2B50-4A07-A9A6-300DD6F1B05D}.Release|Any CPU.Build.0 = Release|Any CPU
	EndGlobalSection
	GlobalSection(SolutionProperties) = preSolution
		HideSolutionNode = FALSE
	EndGlobalSection
	GlobalSection(ExtensibilityGlobals) = postSolution
		SolutionGuid = {B7D54853-D932-49BB-86E0-2884EA6EB614}
	EndGlobalSection
EndGlobal
